
Microsoft Visual Studio Solution File, Format Version 12.00
# Visual Studio Version 17
VisualStudioVersion = 17.6.33829.357
MinimumVisualStudioVersion = 10.0.40219.1
Project("{FAE04EC0-301F-11D3-BF4B-00C04F79EFBC}") = "DSA", "DSA\DSA.csproj", "{93BDC924-5FAD-4F79-ABA1-2ABB01CB0DF5}"
EndProject
Global
	GlobalSection(SolutionConfigurationPlatforms) = preSolution
		Debug|Any CPU = Debug|Any CPU
		Release|Any CPU = Release|Any CPU
	EndGlobalSection
	GlobalSection(ProjectConfigurationPlatforms) = postSolution
		{93BDC924-5FAD-4F79-ABA1-2ABB01CB0DF5}.Debug|Any CPU.ActiveCfg = Debug|Any CPU
		{93BDC924-5FAD-4F79-ABA1-2ABB01CB0DF5}.Debug|Any CPU.Build.0 = Debug|Any CPU
		{93BDC924-5FAD-4F79-ABA1-2ABB01CB0DF5}.Release|Any CPU.ActiveCfg = Release|Any CPU
		{93BDC924-5FAD-4F79-ABA1-2ABB01CB0DF5}.Release|Any CPU.Build.0 = Release|Any CPU
	EndGlobalSection
	GlobalSection(SolutionProperties) = preSolution
		HideSolutionNode = FALSE
	EndGlobalSection
	GlobalSection(ExtensibilityGlobals) = postSolution
		SolutionGuid = {A422EB6C-D33F-487D-AD35-89A0FBB10471}
	EndGlobalSection
EndGlobal
